{
  "name": "nfc",
  "version": "1.0.0",
  "lockfileVersion": 3,
  "requires": true,
  "packages": {
    "": {
      "name": "nfc",
      "version": "1.0.0",
      "license": "MIT",
      "dependencies": {
        "@aapeli/nfc-pcsc": "^0.8.3",
        "@nicolaielectronics/desfire.js": "^0.0.2",
        "nicolai-configuration": "^1.0.0",
        "onoff": "^6.0.3",
        "sleep-promise": "^9.1.0",
        "ws": "^8.15.1"
      }
    },
    "node_modules/@aapeli/nfc-pcsc": {
      "version": "0.8.3",
      "resolved": "https://registry.npmjs.org/@aapeli/nfc-pcsc/-/nfc-pcsc-0.8.3.tgz",
      "integrity": "sha512-i/63vEr2LeRiG2INPd3yupriaBoG+6A90WmPrzReTGTcVAk/jmqvMcEPJFeS4bk1BystAr4PSkt2eruYLIIIzQ==",
      "dependencies": {
        "@aapeli/pcsclite": "^0.6.1"
      }
    },
    "node_modules/@aapeli/pcsclite": {
      "version": "0.6.1",
      "resolved": "https://registry.npmjs.org/@aapeli/pcsclite/-/pcsclite-0.6.1.tgz",
      "integrity": "sha512-fFJB2kZN2r4Wc6ocGUoVhTH0B5YIv+YKyx4yKFEipKZEA5yjkMPH2MwJX+SSieFu8waxtYmCTlFWWOWZQuqtNQ==",
      "hasInstallScript": true,
      "dependencies": {
        "nan": "^2.16.0"
      }
    },
    "node_modules/@nicolaielectronics/desfire.js": {
      "version": "0.0.2",
      "resolved": "https://registry.npmjs.org/@nicolaielectronics/desfire.js/-/desfire.js-0.0.2.tgz",
      "integrity": "sha512-qXekU44wiQKclce6LrYI9fSkrsQLDrmXrt3DKIqRgQ9W6mofDyzOyZJJNBSPVBdkI7U4MuSYRoKuW7NwRqPsAw=="
    },
    "node_modules/bindings": {
      "version": "1.5.0",
      "resolved": "https://registry.npmjs.org/bindings/-/bindings-1.5.0.tgz",
      "integrity": "sha512-p2q/t/mhvuOj/UeLlV6566GD/guowlr0hHxClI0W9m7MWYkL1F0hLo+0Aexs9HSPCtR1SXQ0TD3MMKrXZajbiQ==",
      "dependencies": {
        "file-uri-to-path": "1.0.0"
      }
    },
    "node_modules/epoll": {
      "version": "4.0.2",
      "resolved": "https://registry.npmjs.org/epoll/-/epoll-4.0.2.tgz",
      "integrity": "sha512-4KtBBSBYAfyta2/4TIFT4P7pZdDjU6UPvdzWcF4Fy6Q300V08Wdj/82ovAZBUDra6TTjsKsfy12Qxuwc3ob+Qw==",
      "hasInstallScript": true,
      "dependencies": {
        "bindings": "^1.5.0",
        "nan": "^2.17.0"
      },
      "engines": {
        "node": ">=10.0.0"
      }
    },
    "node_modules/file-uri-to-path": {
      "version": "1.0.0",
      "resolved": "https://registry.npmjs.org/file-uri-to-path/-/file-uri-to-path-1.0.0.tgz",
      "integrity": "sha512-0Zt+s3L7Vf1biwWZ29aARiVYLx7iMGnEUl9x33fbB/j3jR81u/O2LbqK+Bm1CDSNDKVtJ/YjwY7TUd5SkeLQLw=="
    },
    "node_modules/lodash.debounce": {
      "version": "4.0.8",
      "resolved": "https://registry.npmjs.org/lodash.debounce/-/lodash.debounce-4.0.8.tgz",
      "integrity": "sha512-FT1yDzDYEoYWhnSGnpE/4Kj1fLZkDFyqRb7fNt6FdYOSxlUWAtp42Eh6Wb0rGIv/m9Bgo7x4GhQbm5Ys4SG5ow=="
    },
    "node_modules/nan": {
      "version": "2.18.0",
      "resolved": "https://registry.npmjs.org/nan/-/nan-2.18.0.tgz",
      "integrity": "sha512-W7tfG7vMOGtD30sHoZSSc/JVYiyDPEyQVso/Zz+/uQd0B0L46gtC+pHha5FFMRpil6fm/AoEcRWyOVi4+E/f8w=="
    },
    "node_modules/nicolai-configuration": {
      "version": "1.0.0",
      "resolved": "https://registry.npmjs.org/nicolai-configuration/-/nicolai-configuration-1.0.0.tgz",
      "integrity": "sha512-XZmZOWAclummSUflEbYOQFPEEk91gtLfC8Y+RxGh8l8ngSSOYCmSmsu3Y/EzlytKiwu7aB2cHx/qGfz6i8mVTw=="
    },
    "node_modules/onoff": {
      "version": "6.0.3",
      "resolved": "https://registry.npmjs.org/onoff/-/onoff-6.0.3.tgz",
      "integrity": "sha512-xtVlwRDzswYM69bzzIui/qzu7QHsFnjsQiCV1iYVA/HXt5xdc9utc97SYAlXzK8wAhIN7+H7MaVqh2vpfdKk9A==",
      "dependencies": {
        "epoll": "^4.0.1",
        "lodash.debounce": "^4.0.8"
      },
      "engines": {
        "node": ">=10.0.0"
      }
    },
    "node_modules/sleep-promise": {
      "version": "9.1.0",
      "resolved": "https://registry.npmjs.org/sleep-promise/-/sleep-promise-9.1.0.tgz",
      "integrity": "sha512-UHYzVpz9Xn8b+jikYSD6bqvf754xL2uBUzDFwiU6NcdZeifPr6UfgU43xpkPu67VMS88+TI2PSI7Eohgqf2fKA=="
    },
    "node_modules/ws": {
      "version": "8.15.1",
      "resolved": "https://registry.npmjs.org/ws/-/ws-8.15.1.tgz",
      "integrity": "sha512-W5OZiCjXEmk0yZ66ZN82beM5Sz7l7coYxpRkzS+p9PP+ToQry8szKh+61eNktr7EA9DOwvFGhfC605jDHbP6QQ==",
      "engines": {
        "node": ">=10.0.0"
      },
      "peerDependencies": {
        "bufferutil": "^4.0.1",
        "utf-8-validate": ">=5.0.2"
      },
      "peerDependenciesMeta": {
        "bufferutil": {
          "optional": true
        },
        "utf-8-validate": {
          "optional": true
        }
      }
    }
  }
}
